lockfileVersion: '9.0'

settings:
  autoInstallPeers: true
  excludeLinksFromLockfile: false

importers:

  .:
    devDependencies:
      typescript:
        specifier: ^5.5.0
        version: 5.9.3

  apps/studio-lite:
    dependencies:
      '@airo-js/cartridge-kit':
        specifier: workspace:*
        version: link:../../packages/cartridge-kit
      '@airo-js/core':
        specifier: workspace:*
        version: link:../../packages/core
      '@airo-js/embed':
        specifier: workspace:*
        version: link:../../packages/embed
      '@airo-js/mcp':
        specifier: workspace:*
        version: link:../../packages/mcp
      '@airo-js/runtime':
        specifier: workspace:*
        version: link:../../packages/runtime
      '@airo-js/ssr':
        specifier: workspace:*
        version: link:../../packages/ssr

  examples/cartridge-wtb-skeleton:
    dependencies:
      '@airo-js/cartridge-kit':
        specifier: workspace:*
        version: link:../../packages/cartridge-kit
      '@airo-js/core':
        specifier: workspace:*
        version: link:../../packages/core

  examples/publication-adapter-skeleton:
    dependencies:
      '@airo-js/cartridge-kit':
        specifier: workspace:*
        version: link:../../packages/cartridge-kit

  packages/cartridge-kit:
    dependencies:
      '@airo-js/core':
        specifier: workspace:*
        version: link:../core

  packages/core: {}

  packages/devtools:
    dependencies:
      '@airo-js/cartridge-kit':
        specifier: workspace:*
        version: link:../cartridge-kit
      '@airo-js/core':
        specifier: workspace:*
        version: link:../core
      lit:
        specifier: ^3.2.0
        version: 3.3.2

  packages/doc-cartridges:
    dependencies:
      '@airo-js/cartridge-kit':
        specifier: workspace:*
        version: link:../cartridge-kit
      '@airo-js/core':
        specifier: workspace:*
        version: link:../core

  packages/embed: {}

  packages/mcp:
    dependencies:
      '@airo-js/cartridge-kit':
        specifier: workspace:*
        version: link:../cartridge-kit

  packages/runtime:
    dependencies:
      '@airo-js/core':
        specifier: workspace:*
        version: link:../core

  packages/ssr:
    dependencies:
      '@airo-js/cartridge-kit':
        specifier: workspace:*
        version: link:../cartridge-kit
      '@airo-js/core':
        specifier: workspace:*
        version: link:../core

packages:

  '@lit-labs/ssr-dom-shim@1.5.1':
    resolution: {integrity: sha512-Aou5UdlSpr5whQe8AA/bZG0jMj96CoJIWbGfZ91qieWu5AWUMKw8VR/pAkQkJYvBNhmCcWnZlyyk5oze8JIqYA==}

  '@lit/reactive-element@2.1.2':
    resolution: {integrity: sha512-pbCDiVMnne1lYUIaYNN5wrwQXDtHaYtg7YEFPeW+hws6U47WeFvISGUWekPGKWOP1ygrs0ef0o1VJMk1exos5A==}

  '@types/trusted-types@2.0.7':
    resolution: {integrity: sha512-ScaPdn1dQczgbl0QFTeTOmVHFULt394XJgOQNoyVhZ6r2vLnMLJfBPd53SB52T/3G36VI1/g2MZaX0cwDuXsfw==}

  lit-element@4.2.2:
    resolution: {integrity: sha512-aFKhNToWxoyhkNDmWZwEva2SlQia+jfG0fjIWV//YeTaWrVnOxD89dPKfigCUspXFmjzOEUQpOkejH5Ly6sG0w==}

  lit-html@3.3.2:
    resolution: {integrity: sha512-Qy9hU88zcmaxBXcc10ZpdK7cOLXvXpRoBxERdtqV9QOrfpMZZ6pSYP91LhpPtap3sFMUiL7Tw2RImbe0Al2/kw==}

  lit@3.3.2:
    resolution: {integrity: sha512-NF9zbsP79l4ao2SNrH3NkfmFgN/hBYSQo90saIVI1o5GpjAdCPVstVzO1MrLOakHoEhYkrtRjPK6Ob521aoYWQ==}

  typescript@5.9.3:
    resolution: {integrity: sha512-jl1vZzPDinLr9eUt3J/t7V6FgNEw9QjvBPdysz9KfQDD41fQrC2Y4vKQdiaUpFT4bXlb1RHhLpp8wtm6M5TgSw==}
    engines: {node: '>=14.17'}
    hasBin: true

snapshots:

  '@lit-labs/ssr-dom-shim@1.5.1': {}

  '@lit/reactive-element@2.1.2':
    dependencies:
      '@lit-labs/ssr-dom-shim': 1.5.1

  '@types/trusted-types@2.0.7': {}

  lit-element@4.2.2:
    dependencies:
      '@lit-labs/ssr-dom-shim': 1.5.1
      '@lit/reactive-element': 2.1.2
      lit-html: 3.3.2

  lit-html@3.3.2:
    dependencies:
      '@types/trusted-types': 2.0.7

  lit@3.3.2:
    dependencies:
      '@lit/reactive-element': 2.1.2
      lit-element: 4.2.2
      lit-html: 3.3.2

  typescript@5.9.3: {}
