lockfileVersion: '9.0'

settings:
  autoInstallPeers: true
  excludeLinksFromLockfile: false

importers:

  .:
    devDependencies:
      typescript:
        specifier: ^5.5.0
        version: 5.9.3

  apps/studio-lite:
    dependencies:
      '@airo-js/cartridge-kit':
        specifier: workspace:*
        version: link:../../packages/cartridge-kit
      '@airo-js/core':
        specifier: workspace:*
        version: link:../../packages/core
      '@airo-js/embed':
        specifier: workspace:*
        version: link:../../packages/embed
      '@airo-js/mcp':
        specifier: workspace:*
        version: link:../../packages/mcp
      '@airo-js/runtime':
        specifier: workspace:*
        version: link:../../packages/runtime
      '@airo-js/ssr':
        specifier: workspace:*
        version: link:../../packages/ssr

  examples/cartridge-wtb-skeleton:
    dependencies:
      '@airo-js/cartridge-kit':
        specifier: workspace:*
        version: link:../../packages/cartridge-kit
      '@airo-js/core':
        specifier: workspace:*
        version: link:../../packages/core

  examples/publication-adapter-skeleton:
    dependencies:
      '@airo-js/cartridge-kit':
        specifier: workspace:*
        version: link:../../packages/cartridge-kit

  packages/cartridge-kit:
    dependencies:
      '@airo-js/core':
        specifier: workspace:*
        version: link:../core

  packages/core: {}

  packages/doc-cartridges:
    dependencies:
      '@airo-js/cartridge-kit':
        specifier: workspace:*
        version: link:../cartridge-kit
      '@airo-js/core':
        specifier: workspace:*
        version: link:../core

  packages/embed: {}

  packages/mcp:
    dependencies:
      '@airo-js/cartridge-kit':
        specifier: workspace:*
        version: link:../cartridge-kit

  packages/runtime:
    dependencies:
      '@airo-js/core':
        specifier: workspace:*
        version: link:../core

  packages/ssr:
    dependencies:
      '@airo-js/cartridge-kit':
        specifier: workspace:*
        version: link:../cartridge-kit
      '@airo-js/core':
        specifier: workspace:*
        version: link:../core

packages:

  typescript@5.9.3:
    resolution: {integrity: sha512-jl1vZzPDinLr9eUt3J/t7V6FgNEw9QjvBPdysz9KfQDD41fQrC2Y4vKQdiaUpFT4bXlb1RHhLpp8wtm6M5TgSw==}
    engines: {node: '>=14.17'}
    hasBin: true

snapshots:

  typescript@5.9.3: {}
